// !$*UTF8*$!
{
	archiveVersion = 1;
	classes = {
	};
	objectVersion = 50;
	objects = {

/* Begin PBXBuildFile section */
		EF3C302E26003F7400CE1AF1 /* CheckStraigntLine.swift in Sources */ = {isa = PBXBuildFile; fileRef = EF3C302D26003F7400CE1AF1 /* CheckStraigntLine.swift */; };
		EF3C303726018BF900CE1AF1 /* SpiralOrder.swift in Sources */ = {isa = PBXBuildFile; fileRef = EF3C303626018BF900CE1AF1 /* SpiralOrder.swift */; };
		EF6D867725E733E300EFA87F /* main.swift in Sources */ = {isa = PBXBuildFile; fileRef = EF6D867625E733E300EFA87F /* main.swift */; };
		EF6D868125E7341100EFA87F /* FlipingAnImage.swift in Sources */ = {isa = PBXBuildFile; fileRef = EF6D867E25E7341100EFA87F /* FlipingAnImage.swift */; };
		EF6D868225E7341100EFA87F /* TransposeMatrix.swift in Sources */ = {isa = PBXBuildFile; fileRef = EF6D867F25E7341100EFA87F /* TransposeMatrix.swift */; };
		EF6D868325E7341100EFA87F /* AngryBookStoreBoss.swift in Sources */ = {isa = PBXBuildFile; fileRef = EF6D868025E7341100EFA87F /* AngryBookStoreBoss.swift */; };
		EF6D86E725E87F2D00EFA87F /* FindNumOfValidWords.swift in Sources */ = {isa = PBXBuildFile; fileRef = EF6D86E625E87F2D00EFA87F /* FindNumOfValidWords.swift */; };
		EF6D86EA25EA524100EFA87F /* LongestSubstring.swift in Sources */ = {isa = PBXBuildFile; fileRef = EF6D86E925EA524100EFA87F /* LongestSubstring.swift */; };
		EF6D86ED25EBD9CA00EFA87F /* Monotonic.swift in Sources */ = {isa = PBXBuildFile; fileRef = EF6D86EC25EBD9CA00EFA87F /* Monotonic.swift */; };
		EF6D86F025EC6F5700EFA87F /* RangeSumQreryImmutable.swift in Sources */ = {isa = PBXBuildFile; fileRef = EF6D86EF25EC6F5700EFA87F /* RangeSumQreryImmutable.swift */; };
		EF6D86F325EDD4AF00EFA87F /* MatrixSearch.swift in Sources */ = {isa = PBXBuildFile; fileRef = EF6D86F225EDD4AF00EFA87F /* MatrixSearch.swift */; };
		EF6D86FD25EF39A400EFA87F /* CountingBits.swift in Sources */ = {isa = PBXBuildFile; fileRef = EF6D86FC25EF39A400EFA87F /* CountingBits.swift */; };
		EF6D870425F0718900EFA87F /* FindMajorityElement.swift in Sources */ = {isa = PBXBuildFile; fileRef = EF6D870325F0718900EFA87F /* FindMajorityElement.swift */; };
		EFB34BD125F9E72B002D0148 /* SlowestKey.swift in Sources */ = {isa = PBXBuildFile; fileRef = EFB34BD025F9E72B002D0148 /* SlowestKey.swift */; };
		EFB34BD425FB37C4002D0148 /* BinaryPrefixDivisibleBy5.swift in Sources */ = {isa = PBXBuildFile; fileRef = EFB34BD325FB37C4002D0148 /* BinaryPrefixDivisibleBy5.swift */; };
		EFB34BDF25FCF5D8002D0148 /* GetMaximumGenerated.swift in Sources */ = {isa = PBXBuildFile; fileRef = EFB34BDE25FCF5D8002D0148 /* GetMaximumGenerated.swift */; };
		EFB34BE225FDF858002D0148 /* MasterMind.swift in Sources */ = {isa = PBXBuildFile; fileRef = EFB34BE125FDF858002D0148 /* MasterMind.swift */; };
		EFB34BE525FEEA2D002D0148 /* AddToArrayFormOfInt.swift in Sources */ = {isa = PBXBuildFile; fileRef = EFB34BE425FEEA2D002D0148 /* AddToArrayFormOfInt.swift */; };
		EFB5850E25F23F900003C12A /* SortedMerge.swift in Sources */ = {isa = PBXBuildFile; fileRef = EFB5850D25F23F900003C12A /* SortedMerge.swift */; };
		EFB5851125F34DFD0003C12A /* NumberOfEquivalentDominoPairs.swift in Sources */ = {isa = PBXBuildFile; fileRef = EFB5851025F34DFD0003C12A /* NumberOfEquivalentDominoPairs.swift */; };
		EFB5851425F509600003C12A /* KthMissingNumber.swift in Sources */ = {isa = PBXBuildFile; fileRef = EFB5851325F509600003C12A /* KthMissingNumber.swift */; };
		EFB5851725F5AA040003C12A /* WinnerOnTicTacToe.swift in Sources */ = {isa = PBXBuildFile; fileRef = EFB5851625F5AA040003C12A /* WinnerOnTicTacToe.swift */; };
		EFB5851A25F71D270003C12A /* RankTransformArray.swift in Sources */ = {isa = PBXBuildFile; fileRef = EFB5851925F71D270003C12A /* RankTransformArray.swift */; };
		EFB5852825F8554B0003C12A /* SearchNumberOnSortedArray.swift in Sources */ = {isa = PBXBuildFile; fileRef = EFB5852725F8554B0003C12A /* SearchNumberOnSortedArray.swift */; };
/* End PBXBuildFile section */

/* Begin PBXCopyFilesBuildPhase section */
		EF6D867125E733E300EFA87F /* CopyFiles */ = {
			isa = PBXCopyFilesBuildPhase;
			buildActionMask = 2147483647;
			dstPath = /usr/share/man/man1/;
			dstSubfolderSpec = 0;
			files = (
			);
			runOnlyForDeploymentPostprocessing = 1;
		};
/* End PBXCopyFilesBuildPhase section */

/* Begin PBXFileReference section */
		EF3C302D26003F7400CE1AF1 /* CheckStraigntLine.swift */ = {isa = PBXFileReference; lastKnownFileType = sourcecode.swift; path = CheckStraigntLine.swift; sourceTree = "<group>"; };
		EF3C303626018BF900CE1AF1 /* SpiralOrder.swift */ = {isa = PBXFileReference; lastKnownFileType = sourcecode.swift; path = SpiralOrder.swift; sourceTree = "<group>"; };
		EF6D867325E733E300EFA87F /* algorithm_learning */ = {isa = PBXFileReference; explicitFileType = "compiled.mach-o.executable"; includeInIndex = 0; path = algorithm_learning; sourceTree = BUILT_PRODUCTS_DIR; };
		EF6D867625E733E300EFA87F /* main.swift */ = {isa = PBXFileReference; lastKnownFileType = sourcecode.swift; path = main.swift; sourceTree = "<group>"; };
		EF6D867E25E7341100EFA87F /* FlipingAnImage.swift */ = {isa = PBXFileReference; fileEncoding = 4; lastKnownFileType = sourcecode.swift; path = FlipingAnImage.swift; sourceTree = "<group>"; };
		EF6D867F25E7341100EFA87F /* TransposeMatrix.swift */ = {isa = PBXFileReference; fileEncoding = 4; lastKnownFileType = sourcecode.swift; path = TransposeMatrix.swift; sourceTree = "<group>"; };
		EF6D868025E7341100EFA87F /* AngryBookStoreBoss.swift */ = {isa = PBXFileReference; fileEncoding = 4; lastKnownFileType = sourcecode.swift; path = AngryBookStoreBoss.swift; sourceTree = "<group>"; };
		EF6D86E625E87F2D00EFA87F /* FindNumOfValidWords.swift */ = {isa = PBXFileReference; lastKnownFileType = sourcecode.swift; path = FindNumOfValidWords.swift; sourceTree = "<group>"; };
		EF6D86E925EA524100EFA87F /* LongestSubstring.swift */ = {isa = PBXFileReference; lastKnownFileType = sourcecode.swift; path = LongestSubstring.swift; sourceTree = "<group>"; };
		EF6D86EC25EBD9CA00EFA87F /* Monotonic.swift */ = {isa = PBXFileReference; lastKnownFileType = sourcecode.swift; path = Monotonic.swift; sourceTree = "<group>"; };
		EF6D86EF25EC6F5700EFA87F /* RangeSumQreryImmutable.swift */ = {isa = PBXFileReference; lastKnownFileType = sourcecode.swift; path = RangeSumQreryImmutable.swift; sourceTree = "<group>"; };
		EF6D86F225EDD4AF00EFA87F /* MatrixSearch.swift */ = {isa = PBXFileReference; lastKnownFileType = sourcecode.swift; path = MatrixSearch.swift; sourceTree = "<group>"; };
		EF6D86FC25EF39A400EFA87F /* CountingBits.swift */ = {isa = PBXFileReference; lastKnownFileType = sourcecode.swift; path = CountingBits.swift; sourceTree = "<group>"; };
		EF6D870325F0718900EFA87F /* FindMajorityElement.swift */ = {isa = PBXFileReference; lastKnownFileType = sourcecode.swift; path = FindMajorityElement.swift; sourceTree = "<group>"; };
		EFB34BD025F9E72B002D0148 /* SlowestKey.swift */ = {isa = PBXFileReference; lastKnownFileType = sourcecode.swift; path = SlowestKey.swift; sourceTree = "<group>"; };
		EFB34BD325FB37C4002D0148 /* BinaryPrefixDivisibleBy5.swift */ = {isa = PBXFileReference; lastKnownFileType = sourcecode.swift; path = BinaryPrefixDivisibleBy5.swift; sourceTree = "<group>"; };
		EFB34BDE25FCF5D8002D0148 /* GetMaximumGenerated.swift */ = {isa = PBXFileReference; lastKnownFileType = sourcecode.swift; path = GetMaximumGenerated.swift; sourceTree = "<group>"; };
		EFB34BE125FDF858002D0148 /* MasterMind.swift */ = {isa = PBXFileReference; lastKnownFileType = sourcecode.swift; path = MasterMind.swift; sourceTree = "<group>"; };
		EFB34BE425FEEA2D002D0148 /* AddToArrayFormOfInt.swift */ = {isa = PBXFileReference; lastKnownFileType = sourcecode.swift; path = AddToArrayFormOfInt.swift; sourceTree = "<group>"; };
		EFB5850D25F23F900003C12A /* SortedMerge.swift */ = {isa = PBXFileReference; lastKnownFileType = sourcecode.swift; path = SortedMerge.swift; sourceTree = "<group>"; };
		EFB5851025F34DFD0003C12A /* NumberOfEquivalentDominoPairs.swift */ = {isa = PBXFileReference; lastKnownFileType = sourcecode.swift; path = NumberOfEquivalentDominoPairs.swift; sourceTree = "<group>"; };
		EFB5851325F509600003C12A /* KthMissingNumber.swift */ = {isa = PBXFileReference; lastKnownFileType = sourcecode.swift; path = KthMissingNumber.swift; sourceTree = "<group>"; };
		EFB5851625F5AA040003C12A /* WinnerOnTicTacToe.swift */ = {isa = PBXFileReference; lastKnownFileType = sourcecode.swift; path = WinnerOnTicTacToe.swift; sourceTree = "<group>"; };
		EFB5851925F71D270003C12A /* RankTransformArray.swift */ = {isa = PBXFileReference; lastKnownFileType = sourcecode.swift; path = RankTransformArray.swift; sourceTree = "<group>"; };
		EFB5852725F8554B0003C12A /* SearchNumberOnSortedArray.swift */ = {isa = PBXFileReference; lastKnownFileType = sourcecode.swift; path = SearchNumberOnSortedArray.swift; sourceTree = "<group>"; };
/* End PBXFileReference section */

/* Begin PBXFrameworksBuildPhase section */
		EF6D867025E733E300EFA87F /* Frameworks */ = {
			isa = PBXFrameworksBuildPhase;
			buildActionMask = 2147483647;
			files = (
			);
			runOnlyForDeploymentPostprocessing = 0;
		};
/* End PBXFrameworksBuildPhase section */

/* Begin PBXGroup section */
		EF6D866A25E733E300EFA87F = {
			isa = PBXGroup;
			children = (
				EF6D867525E733E300EFA87F /* algorithm_learning */,
				EF6D867425E733E300EFA87F /* Products */,
			);
			sourceTree = "<group>";
		};
		EF6D867425E733E300EFA87F /* Products */ = {
			isa = PBXGroup;
			children = (
				EF6D867325E733E300EFA87F /* algorithm_learning */,
			);
			name = Products;
			sourceTree = "<group>";
		};
		EF6D867525E733E300EFA87F /* algorithm_learning */ = {
			isa = PBXGroup;
			children = (
				EF6D867625E733E300EFA87F /* main.swift */,
				EF6D868025E7341100EFA87F /* AngryBookStoreBoss.swift */,
				EF6D867E25E7341100EFA87F /* FlipingAnImage.swift */,
				EF6D867F25E7341100EFA87F /* TransposeMatrix.swift */,
				EF6D86E625E87F2D00EFA87F /* FindNumOfValidWords.swift */,
				EF6D86E925EA524100EFA87F /* LongestSubstring.swift */,
				EF6D86EC25EBD9CA00EFA87F /* Monotonic.swift */,
				EF6D86EF25EC6F5700EFA87F /* RangeSumQreryImmutable.swift */,
				EF6D86F225EDD4AF00EFA87F /* MatrixSearch.swift */,
				EF6D86FC25EF39A400EFA87F /* CountingBits.swift */,
				EF6D870325F0718900EFA87F /* FindMajorityElement.swift */,
				EFB5850D25F23F900003C12A /* SortedMerge.swift */,
				EFB5851025F34DFD0003C12A /* NumberOfEquivalentDominoPairs.swift */,
				EFB5851325F509600003C12A /* KthMissingNumber.swift */,
				EFB5851625F5AA040003C12A /* WinnerOnTicTacToe.swift */,
				EFB5851925F71D270003C12A /* RankTransformArray.swift */,
				EFB5852725F8554B0003C12A /* SearchNumberOnSortedArray.swift */,
				EFB34BD025F9E72B002D0148 /* SlowestKey.swift */,
				EFB34BD325FB37C4002D0148 /* BinaryPrefixDivisibleBy5.swift */,
				EFB34BDE25FCF5D8002D0148 /* GetMaximumGenerated.swift */,
				EFB34BE125FDF858002D0148 /* MasterMind.swift */,
				EFB34BE425FEEA2D002D0148 /* AddToArrayFormOfInt.swift */,
				EF3C302D26003F7400CE1AF1 /* CheckStraigntLine.swift */,
				EF3C303626018BF900CE1AF1 /* SpiralOrder.swift */,
			);
			path = algorithm_learning;
			sourceTree = "<group>";
		};
/* End PBXGroup section */

/* Begin PBXNativeTarget section */
		EF6D867225E733E300EFA87F /* algorithm_learning */ = {
			isa = PBXNativeTarget;
			buildConfigurationList = EF6D867A25E733E300EFA87F /* Build configuration list for PBXNativeTarget "algorithm_learning" */;
			buildPhases = (
				EF6D866F25E733E300EFA87F /* Sources */,
				EF6D867025E733E300EFA87F /* Frameworks */,
				EF6D867125E733E300EFA87F /* CopyFiles */,
			);
			buildRules = (
			);
			dependencies = (
			);
			name = algorithm_learning;
			productName = algorithm_learning;
			productReference = EF6D867325E733E300EFA87F /* algorithm_learning */;
			productType = "com.apple.product-type.tool";
		};
/* End PBXNativeTarget section */

/* Begin PBXProject section */
		EF6D866B25E733E300EFA87F /* Project object */ = {
			isa = PBXProject;
			attributes = {
				LastSwiftUpdateCheck = 1220;
				LastUpgradeCheck = 1220;
				TargetAttributes = {
					EF6D867225E733E300EFA87F = {
						CreatedOnToolsVersion = 12.2;
					};
				};
			};
			buildConfigurationList = EF6D866E25E733E300EFA87F /* Build configuration list for PBXProject "algorithm_learning" */;
			compatibilityVersion = "Xcode 9.3";
			developmentRegion = en;
			hasScannedForEncodings = 0;
			knownRegions = (
				en,
				Base,
			);
			mainGroup = EF6D866A25E733E300EFA87F;
			productRefGroup = EF6D867425E733E300EFA87F /* Products */;
			projectDirPath = "";
			projectRoot = "";
			targets = (
				EF6D867225E733E300EFA87F /* algorithm_learning */,
			);
		};
/* End PBXProject section */

/* Begin PBXSourcesBuildPhase section */
		EF6D866F25E733E300EFA87F /* Sources */ = {
			isa = PBXSourcesBuildPhase;
			buildActionMask = 2147483647;
			files = (
				EF6D86ED25EBD9CA00EFA87F /* Monotonic.swift in Sources */,
				EFB34BD125F9E72B002D0148 /* SlowestKey.swift in Sources */,
				EFB5851425F509600003C12A /* KthMissingNumber.swift in Sources */,
				EF3C303726018BF900CE1AF1 /* SpiralOrder.swift in Sources */,
				EFB34BE525FEEA2D002D0148 /* AddToArrayFormOfInt.swift in Sources */,
				EF6D870425F0718900EFA87F /* FindMajorityElement.swift in Sources */,
				EF6D86F325EDD4AF00EFA87F /* MatrixSearch.swift in Sources */,
				EFB34BDF25FCF5D8002D0148 /* GetMaximumGenerated.swift in Sources */,
				EF6D86E725E87F2D00EFA87F /* FindNumOfValidWords.swift in Sources */,
				EF3C302E26003F7400CE1AF1 /* CheckStraigntLine.swift in Sources */,
				EFB34BE225FDF858002D0148 /* MasterMind.swift in Sources */,
				EF6D868125E7341100EFA87F /* FlipingAnImage.swift in Sources */,
				EF6D86FD25EF39A400EFA87F /* CountingBits.swift in Sources */,
				EF6D86EA25EA524100EFA87F /* LongestSubstring.swift in Sources */,
				EF6D86F025EC6F5700EFA87F /* RangeSumQreryImmutable.swift in Sources */,
				EF6D868225E7341100EFA87F /* TransposeMatrix.swift in Sources */,
				EFB5852825F8554B0003C12A /* SearchNumberOnSortedArray.swift in Sources */,
				EFB5851A25F71D270003C12A /* RankTransformArray.swift in Sources */,
				EFB34BD425FB37C4002D0148 /* BinaryPrefixDivisibleBy5.swift in Sources */,
				EFB5850E25F23F900003C12A /* SortedMerge.swift in Sources */,
				EF6D867725E733E300EFA87F /* main.swift in Sources */,
				EFB5851125F34DFD0003C12A /* NumberOfEquivalentDominoPairs.swift in Sources */,
				EFB5851725F5AA040003C12A /* WinnerOnTicTacToe.swift in Sources */,
				EF6D868325E7341100EFA87F /* AngryBookStoreBoss.swift in Sources */,
			);
			runOnlyForDeploymentPostprocessing = 0;
		};
/* End PBXSourcesBuildPhase section */

/* Begin XCBuildConfiguration section */
		EF6D867825E733E300EFA87F /* Debug */ = {
			isa = XCBuildConfiguration;
			buildSettings = {
				ALWAYS_SEARCH_USER_PATHS = NO;
				CLANG_ANALYZER_NONNULL = YES;
				CLANG_ANALYZER_NUMBER_OBJECT_CONVERSION = YES_AGGRESSIVE;
				CLANG_CXX_LANGUAGE_STANDARD = "gnu++14";
				CLANG_CXX_LIBRARY = "libc++";
				CLANG_ENABLE_MODULES = YES;
				CLANG_ENABLE_OBJC_ARC = YES;
				CLANG_ENABLE_OBJC_WEAK = YES;
				CLANG_WARN_BLOCK_CAPTURE_AUTORELEASING = YES;
				CLANG_WARN_BOOL_CONVERSION = YES;
				CLANG_WARN_COMMA = YES;
				CLANG_WARN_CONSTANT_CONVERSION = YES;
				CLANG_WARN_DEPRECATED_OBJC_IMPLEMENTATIONS = YES;
				CLANG_WARN_DIRECT_OBJC_ISA_USAGE = YES_ERROR;
				CLANG_WARN_DOCUMENTATION_COMMENTS = YES;
				CLANG_WARN_EMPTY_BODY = YES;
				CLANG_WARN_ENUM_CONVERSION = YES;
				CLANG_WARN_INFINITE_RECURSION = YES;
				CLANG_WARN_INT_CONVERSION = YES;
				CLANG_WARN_NON_LITERAL_NULL_CONVERSION = YES;
				CLANG_WARN_OBJC_IMPLICIT_RETAIN_SELF = YES;
				CLANG_WARN_OBJC_LITERAL_CONVERSION = YES;
				CLANG_WARN_OBJC_ROOT_CLASS = YES_ERROR;
				CLANG_WARN_QUOTED_INCLUDE_IN_FRAMEWORK_HEADER = YES;
				CLANG_WARN_RANGE_LOOP_ANALYSIS = YES;
				CLANG_WARN_STRICT_PROTOTYPES = YES;
				CLANG_WARN_SUSPICIOUS_MOVE = YES;
				CLANG_WARN_UNGUARDED_AVAILABILITY = YES_AGGRESSIVE;
				CLANG_WARN_UNREACHABLE_CODE = YES;
				CLANG_WARN__DUPLICATE_METHOD_MATCH = YES;
				COPY_PHASE_STRIP = NO;
				DEBUG_INFORMATION_FORMAT = dwarf;
				ENABLE_STRICT_OBJC_MSGSEND = YES;
				ENABLE_TESTABILITY = YES;
				GCC_C_LANGUAGE_STANDARD = gnu11;
				GCC_DYNAMIC_NO_PIC = NO;
				GCC_NO_COMMON_BLOCKS = YES;
				GCC_OPTIMIZATION_LEVEL = 0;
				GCC_PREPROCESSOR_DEFINITIONS = (
					"DEBUG=1",
					"$(inherited)",
				);
				GCC_WARN_64_TO_32_BIT_CONVERSION = YES;
				GCC_WARN_ABOUT_RETURN_TYPE = YES_ERROR;
				GCC_WARN_UNDECLARED_SELECTOR = YES;
				GCC_WARN_UNINITIALIZED_AUTOS = YES_AGGRESSIVE;
				GCC_WARN_UNUSED_FUNCTION = YES;
				GCC_WARN_UNUSED_VARIABLE = YES;
				MACOSX_DEPLOYMENT_TARGET = 10.15;
				MTL_ENABLE_DEBUG_INFO = INCLUDE_SOURCE;
				MTL_FAST_MATH = YES;
				ONLY_ACTIVE_ARCH = YES;
				SDKROOT = macosx;
				SWIFT_ACTIVE_COMPILATION_CONDITIONS = DEBUG;
				SWIFT_OPTIMIZATION_LEVEL = "-Onone";
			};
			name = Debug;
		};
		EF6D867925E733E300EFA87F /* Release */ = {
			isa = XCBuildConfiguration;
			buildSettings = {
				ALWAYS_SEARCH_USER_PATHS = NO;
				CLANG_ANALYZER_NONNULL = YES;
				CLANG_ANALYZER_NUMBER_OBJECT_CONVERSION = YES_AGGRESSIVE;
				CLANG_CXX_LANGUAGE_STANDARD = "gnu++14";
				CLANG_CXX_LIBRARY = "libc++";
				CLANG_ENABLE_MODULES = YES;
				CLANG_ENABLE_OBJC_ARC = YES;
				CLANG_ENABLE_OBJC_WEAK = YES;
				CLANG_WARN_BLOCK_CAPTURE_AUTORELEASING = YES;
				CLANG_WARN_BOOL_CONVERSION = YES;
				CLANG_WARN_COMMA = YES;
				CLANG_WARN_CONSTANT_CONVERSION = YES;
				CLANG_WARN_DEPRECATED_OBJC_IMPLEMENTATIONS = YES;
				CLANG_WARN_DIRECT_OBJC_ISA_USAGE = YES_ERROR;
				CLANG_WARN_DOCUMENTATION_COMMENTS = YES;
				CLANG_WARN_EMPTY_BODY = YES;
				CLANG_WARN_ENUM_CONVERSION = YES;
				CLANG_WARN_INFINITE_RECURSION = YES;
				CLANG_WARN_INT_CONVERSION = YES;
				CLANG_WARN_NON_LITERAL_NULL_CONVERSION = YES;
				CLANG_WARN_OBJC_IMPLICIT_RETAIN_SELF = YES;
				CLANG_WARN_OBJC_LITERAL_CONVERSION = YES;
				CLANG_WARN_OBJC_ROOT_CLASS = YES_ERROR;
				CLANG_WARN_QUOTED_INCLUDE_IN_FRAMEWORK_HEADER = YES;
				CLANG_WARN_RANGE_LOOP_ANALYSIS = YES;
				CLANG_WARN_STRICT_PROTOTYPES = YES;
				CLANG_WARN_SUSPICIOUS_MOVE = YES;
				CLANG_WARN_UNGUARDED_AVAILABILITY = YES_AGGRESSIVE;
				CLANG_WARN_UNREACHABLE_CODE = YES;
				CLANG_WARN__DUPLICATE_METHOD_MATCH = YES;
				COPY_PHASE_STRIP = NO;
				DEBUG_INFORMATION_FORMAT = "dwarf-with-dsym";
				ENABLE_NS_ASSERTIONS = NO;
				ENABLE_STRICT_OBJC_MSGSEND = YES;
				GCC_C_LANGUAGE_STANDARD = gnu11;
				GCC_NO_COMMON_BLOCKS = YES;
				GCC_WARN_64_TO_32_BIT_CONVERSION = YES;
				GCC_WARN_ABOUT_RETURN_TYPE = YES_ERROR;
				GCC_WARN_UNDECLARED_SELECTOR = YES;
				GCC_WARN_UNINITIALIZED_AUTOS = YES_AGGRESSIVE;
				GCC_WARN_UNUSED_FUNCTION = YES;
				GCC_WARN_UNUSED_VARIABLE = YES;
				MACOSX_DEPLOYMENT_TARGET = 10.15;
				MTL_ENABLE_DEBUG_INFO = NO;
				MTL_FAST_MATH = YES;
				SDKROOT = macosx;
				SWIFT_COMPILATION_MODE = wholemodule;
				SWIFT_OPTIMIZATION_LEVEL = "-O";
			};
			name = Release;
		};
		EF6D867B25E733E300EFA87F /* Debug */ = {
			isa = XCBuildConfiguration;
			buildSettings = {
				CODE_SIGN_STYLE = Automatic;
				DEVELOPMENT_TEAM = P5E4D2836B;
				ENABLE_HARDENED_RUNTIME = YES;
				PRODUCT_NAME = "$(TARGET_NAME)";
				SWIFT_VERSION = 5.0;
			};
			name = Debug;
		};
		EF6D867C25E733E300EFA87F /* Release */ = {
			isa = XCBuildConfiguration;
			buildSettings = {
				CODE_SIGN_STYLE = Automatic;
				DEVELOPMENT_TEAM = P5E4D2836B;
				ENABLE_HARDENED_RUNTIME = YES;
				PRODUCT_NAME = "$(TARGET_NAME)";
				SWIFT_VERSION = 5.0;
			};
			name = Release;
		};
/* End XCBuildConfiguration section */

/* Begin XCConfigurationList section */
		EF6D866E25E733E300EFA87F /* Build configuration list for PBXProject "algorithm_learning" */ = {
			isa = XCConfigurationList;
			buildConfigurations = (
				EF6D867825E733E300EFA87F /* Debug */,
				EF6D867925E733E300EFA87F /* Release */,
			);
			defaultConfigurationIsVisible = 0;
			defaultConfigurationName = Release;
		};
		EF6D867A25E733E300EFA87F /* Build configuration list for PBXNativeTarget "algorithm_learning" */ = {
			isa = XCConfigurationList;
			buildConfigurations = (
				EF6D867B25E733E300EFA87F /* Debug */,
				EF6D867C25E733E300EFA87F /* Release */,
			);
			defaultConfigurationIsVisible = 0;
			defaultConfigurationName = Release;
		};
/* End XCConfigurationList section */
	};
	rootObject = EF6D866B25E733E300EFA87F /* Project object */;
}
